
Microsoft Visual Studio Solution File, Format Version 12.00
# Visual Studio Version 17
VisualStudioVersion = 17.11.35327.3
MinimumVisualStudioVersion = 10.0.40219.1
Project("{8BC9CEB8-8B4A-11D0-8D11-00A0C91BC942}") = "ticketBasicProyect", "ticketBasicProyect.vcxproj", "{EF749162-388F-436D-8057-A62534A260EB}"
EndProject
Global
	GlobalSection(SolutionConfigurationPlatforms) = preSolution
		Debug|x64 = Debug|x64
		Debug|x86 = Debug|x86
		Release|x64 = Release|x64
		Release|x86 = Release|x86
	EndGlobalSection
	GlobalSection(ProjectConfigurationPlatforms) = postSolution
		{EF749162-388F-436D-8057-A62534A260EB}.Debug|x64.ActiveCfg = Debug|x64
		{EF749162-388F-436D-8057-A62534A260EB}.Debug|x64.Build.0 = Debug|x64
		{EF749162-388F-436D-8057-A62534A260EB}.Debug|x86.ActiveCfg = Debug|Win32
		{EF749162-388F-436D-8057-A62534A260EB}.Debug|x86.Build.0 = Debug|Win32
		{EF749162-388F-436D-8057-A62534A260EB}.Release|x64.ActiveCfg = Release|x64
		{EF749162-388F-436D-8057-A62534A260EB}.Release|x64.Build.0 = Release|x64
		{EF749162-388F-436D-8057-A62534A260EB}.Release|x86.ActiveCfg = Release|Win32
		{EF749162-388F-436D-8057-A62534A260EB}.Release|x86.Build.0 = Release|Win32
	EndGlobalSection
	GlobalSection(SolutionProperties) = preSolution
		HideSolutionNode = FALSE
	EndGlobalSection
	GlobalSection(ExtensibilityGlobals) = postSolution
		SolutionGuid = {DB6CD121-0163-4DEA-95F6-49CA7B94A0FC}
	EndGlobalSection
EndGlobal
